{
  "name": "hucaen-module",
  "lockfileVersion": 1,
  "requires": true,
  "packages": {
    "node_modules/@foundryvtt/foundryvtt-cli": {
      "version": "1.0.2",
      "resolved": "https://registry.npmjs.org/@foundryvtt/foundryvtt-cli/-/foundryvtt-cli-1.0.2.tgz",
      "integrity": "sha512-pERML7ViBiqwP11NS1kci0Q38t4h557F/Mj+DjYmmgumMJIZqDsVv2XU3bwOJS7+6yzbUmUc2/jRD6EIx+U/fw==",
      "dev": true,
      "dependencies": {
        "chalk": "^5.2.0",
        "classic-level": "^1.2.0",
        "esm": "^3.2.25",
        "js-yaml": "^4.1.0",
        "mkdirp": "^3.0.0",
        "nedb-promises": "^6.2.1",
        "yargs": "^17.7.1"
      },
      "bin": {
        "fvtt": "fvtt.mjs"
      },
      "engines": {
        "node": ">17.0.0"
      }
    },
  }
}